// !$*UTF8*$!
{
	archiveVersion = 1;
	classes = {
	};
	objectVersion = 52;
	objects = {

/* Begin PBXBuildFile section */
		FD0051772449FDA2009CB5C3 /* RambaHamba in Frameworks */ = {isa = PBXBuildFile; productRef = FD0051762449FDA2009CB5C3 /* RambaHamba */; };
		FD70DE1C2447E38D002636B3 /* AppDelegate.swift in Sources */ = {isa = PBXBuildFile; fileRef = FD70DE1B2447E38D002636B3 /* AppDelegate.swift */; };
		FD70DE1E2447E38D002636B3 /* SceneDelegate.swift in Sources */ = {isa = PBXBuildFile; fileRef = FD70DE1D2447E38D002636B3 /* SceneDelegate.swift */; };
		FD70DE202447E38D002636B3 /* ViewController.swift in Sources */ = {isa = PBXBuildFile; fileRef = FD70DE1F2447E38D002636B3 /* ViewController.swift */; };
		FD70DE232447E38D002636B3 /* Main.storyboard in Resources */ = {isa = PBXBuildFile; fileRef = FD70DE212447E38D002636B3 /* Main.storyboard */; };
		FD70DE252447E38E002636B3 /* Assets.xcassets in Resources */ = {isa = PBXBuildFile; fileRef = FD70DE242447E38E002636B3 /* Assets.xcassets */; };
		FD70DE282447E38E002636B3 /* LaunchScreen.storyboard in Resources */ = {isa = PBXBuildFile; fileRef = FD70DE262447E38E002636B3 /* LaunchScreen.storyboard */; };
/* End PBXBuildFile section */

/* Begin PBXFileReference section */
		FD70DE182447E38D002636B3 /* PackageImportProject.app */ = {isa = PBXFileReference; explicitFileType = wrapper.application; includeInIndex = 0; path = PackageImportProject.app; sourceTree = BUILT_PRODUCTS_DIR; };
		FD70DE1B2447E38D002636B3 /* AppDelegate.swift */ = {isa = PBXFileReference; lastKnownFileType = sourcecode.swift; path = AppDelegate.swift; sourceTree = "<group>"; };
		FD70DE1D2447E38D002636B3 /* SceneDelegate.swift */ = {isa = PBXFileReference; lastKnownFileType = sourcecode.swift; path = SceneDelegate.swift; sourceTree = "<group>"; };
		FD70DE1F2447E38D002636B3 /* ViewController.swift */ = {isa = PBXFileReference; lastKnownFileType = sourcecode.swift; path = ViewController.swift; sourceTree = "<group>"; };
		FD70DE222447E38D002636B3 /* Base */ = {isa = PBXFileReference; lastKnownFileType = file.storyboard; name = Base; path = Base.lproj/Main.storyboard; sourceTree = "<group>"; };
		FD70DE242447E38E002636B3 /* Assets.xcassets */ = {isa = PBXFileReference; lastKnownFileType = folder.assetcatalog; path = Assets.xcassets; sourceTree = "<group>"; };
		FD70DE272447E38E002636B3 /* Base */ = {isa = PBXFileReference; lastKnownFileType = file.storyboard; name = Base; path = Base.lproj/LaunchScreen.storyboard; sourceTree = "<group>"; };
		FD70DE292447E38E002636B3 /* Info.plist */ = {isa = PBXFileReference; lastKnownFileType = text.plist.xml; path = Info.plist; sourceTree = "<group>"; };
/* End PBXFileReference section */

/* Begin PBXFrameworksBuildPhase section */
		FD70DE152447E38D002636B3 /* Frameworks */ = {
			isa = PBXFrameworksBuildPhase;
			buildActionMask = 2147483647;
			files = (
				FD0051772449FDA2009CB5C3 /* RambaHamba in Frameworks */,
			);
			runOnlyForDeploymentPostprocessing = 0;
		};
/* End PBXFrameworksBuildPhase section */

/* Begin PBXGroup section */
		FD2867792448B5920061EEE4 /* Frameworks */ = {
			isa = PBXGroup;
			children = (
			);
			name = Frameworks;
			sourceTree = "<group>";
		};
		FD70DE0F2447E38D002636B3 = {
			isa = PBXGroup;
			children = (
				FD70DE1A2447E38D002636B3 /* PackageImportProject */,
				FD70DE192447E38D002636B3 /* Products */,
				FD2867792448B5920061EEE4 /* Frameworks */,
			);
			sourceTree = "<group>";
		};
		FD70DE192447E38D002636B3 /* Products */ = {
			isa = PBXGroup;
			children = (
				FD70DE182447E38D002636B3 /* PackageImportProject.app */,
			);
			name = Products;
			sourceTree = "<group>";
		};
		FD70DE1A2447E38D002636B3 /* PackageImportProject */ = {
			isa = PBXGroup;
			children = (
				FD70DE1B2447E38D002636B3 /* AppDelegate.swift */,
				FD70DE1D2447E38D002636B3 /* SceneDelegate.swift */,
				FD70DE1F2447E38D002636B3 /* ViewController.swift */,
				FD70DE212447E38D002636B3 /* Main.storyboard */,
				FD70DE242447E38E002636B3 /* Assets.xcassets */,
				FD70DE262447E38E002636B3 /* LaunchScreen.storyboard */,
				FD70DE292447E38E002636B3 /* Info.plist */,
			);
			path = PackageImportProject;
			sourceTree = "<group>";
		};
/* End PBXGroup section */

/* Begin PBXNativeTarget section */
		FD70DE172447E38D002636B3 /* PackageImportProject */ = {
			isa = PBXNativeTarget;
			buildConfigurationList = FD70DE2C2447E38E002636B3 /* Build configuration list for PBXNativeTarget "PackageImportProject" */;
			buildPhases = (
				FD70DE142447E38D002636B3 /* Sources */,
				FD70DE152447E38D002636B3 /* Frameworks */,
				FD70DE162447E38D002636B3 /* Resources */,
			);
			buildRules = (
			);
			dependencies = (
			);
			name = PackageImportProject;
			packageProductDependencies = (
				FD0051762449FDA2009CB5C3 /* RambaHamba */,
			);
			productName = PackageImportProject;
			productReference = FD70DE182447E38D002636B3 /* PackageImportProject.app */;
			productType = "com.apple.product-type.application";
		};
/* End PBXNativeTarget section */

/* Begin PBXProject section */
		FD70DE102447E38D002636B3 /* Project object */ = {
			isa = PBXProject;
			attributes = {
				LastSwiftUpdateCheck = 1140;
				LastUpgradeCheck = 1140;
				ORGANIZATIONNAME = Stepan;
				TargetAttributes = {
					FD70DE172447E38D002636B3 = {
						CreatedOnToolsVersion = 11.4;
					};
				};
			};
			buildConfigurationList = FD70DE132447E38D002636B3 /* Build configuration list for PBXProject "PackageImportProject" */;
			compatibilityVersion = "Xcode 9.3";
			developmentRegion = en;
			hasScannedForEncodings = 0;
			knownRegions = (
				en,
				Base,
			);
			mainGroup = FD70DE0F2447E38D002636B3;
			packageReferences = (
				FD0051752449FDA2009CB5C3 /* XCRemoteSwiftPackageReference "rambahamba" */,
			);
			productRefGroup = FD70DE192447E38D002636B3 /* Products */;
			projectDirPath = "";
			projectRoot = "";
			targets = (
				FD70DE172447E38D002636B3 /* PackageImportProject */,
			);
		};
/* End PBXProject section */

/* Begin PBXResourcesBuildPhase section */
		FD70DE162447E38D002636B3 /* Resources */ = {
			isa = PBXResourcesBuildPhase;
			buildActionMask = 2147483647;
			files = (
				FD70DE282447E38E002636B3 /* LaunchScreen.storyboard in Resources */,
				FD70DE252447E38E002636B3 /* Assets.xcassets in Resources */,
				FD70DE232447E38D002636B3 /* Main.storyboard in Resources */,
			);
			runOnlyForDeploymentPostprocessing = 0;
		};
/* End PBXResourcesBuildPhase section */

/* Begin PBXSourcesBuildPhase section */
		FD70DE142447E38D002636B3 /* Sources */ = {
			isa = PBXSourcesBuildPhase;
			buildActionMask = 2147483647;
			files = (
				FD70DE202447E38D002636B3 /* ViewController.swift in Sources */,
				FD70DE1C2447E38D002636B3 /* AppDelegate.swift in Sources */,
				FD70DE1E2447E38D002636B3 /* SceneDelegate.swift in Sources */,
			);
			runOnlyForDeploymentPostprocessing = 0;
		};
/* End PBXSourcesBuildPhase section */

/* Begin PBXVariantGroup section */
		FD70DE212447E38D002636B3 /* Main.storyboard */ = {
			isa = PBXVariantGroup;
			children = (
				FD70DE222447E38D002636B3 /* Base */,
			);
			name = Main.storyboard;
			sourceTree = "<group>";
		};
		FD70DE262447E38E002636B3 /* LaunchScreen.storyboard */ = {
			isa = PBXVariantGroup;
			children = (
				FD70DE272447E38E002636B3 /* Base */,
			);
			name = LaunchScreen.storyboard;
			sourceTree = "<group>";
		};
/* End PBXVariantGroup section */

/* Begin XCBuildConfiguration section */
		FD70DE2A2447E38E002636B3 /* Debug */ = {
			isa = XCBuildConfiguration;
			buildSettings = {
				ALWAYS_SEARCH_USER_PATHS = NO;
				CLANG_ANALYZER_NONNULL = YES;
				CLANG_ANALYZER_NUMBER_OBJECT_CONVERSION = YES_AGGRESSIVE;
				CLANG_CXX_LANGUAGE_STANDARD = "gnu++14";
				CLANG_CXX_LIBRARY = "libc++";
				CLANG_ENABLE_MODULES = YES;
				CLANG_ENABLE_OBJC_ARC = YES;
				CLANG_ENABLE_OBJC_WEAK = YES;
				CLANG_WARN_BLOCK_CAPTURE_AUTORELEASING = YES;
				CLANG_WARN_BOOL_CONVERSION = YES;
				CLANG_WARN_COMMA = YES;
				CLANG_WARN_CONSTANT_CONVERSION = YES;
				CLANG_WARN_DEPRECATED_OBJC_IMPLEMENTATIONS = YES;
				CLANG_WARN_DIRECT_OBJC_ISA_USAGE = YES_ERROR;
				CLANG_WARN_DOCUMENTATION_COMMENTS = YES;
				CLANG_WARN_EMPTY_BODY = YES;
				CLANG_WARN_ENUM_CONVERSION = YES;
				CLANG_WARN_INFINITE_RECURSION = YES;
				CLANG_WARN_INT_CONVERSION = YES;
				CLANG_WARN_NON_LITERAL_NULL_CONVERSION = YES;
				CLANG_WARN_OBJC_IMPLICIT_RETAIN_SELF = YES;
				CLANG_WARN_OBJC_LITERAL_CONVERSION = YES;
				CLANG_WARN_OBJC_ROOT_CLASS = YES_ERROR;
				CLANG_WARN_RANGE_LOOP_ANALYSIS = YES;
				CLANG_WARN_STRICT_PROTOTYPES = YES;
				CLANG_WARN_SUSPICIOUS_MOVE = YES;
				CLANG_WARN_UNGUARDED_AVAILABILITY = YES_AGGRESSIVE;
				CLANG_WARN_UNREACHABLE_CODE = YES;
				CLANG_WARN__DUPLICATE_METHOD_MATCH = YES;
				COPY_PHASE_STRIP = NO;
				DEBUG_INFORMATION_FORMAT = dwarf;
				ENABLE_STRICT_OBJC_MSGSEND = YES;
				ENABLE_TESTABILITY = YES;
				GCC_C_LANGUAGE_STANDARD = gnu11;
				GCC_DYNAMIC_NO_PIC = NO;
				GCC_NO_COMMON_BLOCKS = YES;
				GCC_OPTIMIZATION_LEVEL = 0;
				GCC_PREPROCESSOR_DEFINITIONS = (
					"DEBUG=1",
					"$(inherited)",
				);
				GCC_WARN_64_TO_32_BIT_CONVERSION = YES;
				GCC_WARN_ABOUT_RETURN_TYPE = YES_ERROR;
				GCC_WARN_UNDECLARED_SELECTOR = YES;
				GCC_WARN_UNINITIALIZED_AUTOS = YES_AGGRESSIVE;
				GCC_WARN_UNUSED_FUNCTION = YES;
				GCC_WARN_UNUSED_VARIABLE = YES;
				IPHONEOS_DEPLOYMENT_TARGET = 13.4;
				MTL_ENABLE_DEBUG_INFO = INCLUDE_SOURCE;
				MTL_FAST_MATH = YES;
				ONLY_ACTIVE_ARCH = YES;
				SDKROOT = iphoneos;
				SWIFT_ACTIVE_COMPILATION_CONDITIONS = DEBUG;
				SWIFT_OPTIMIZATION_LEVEL = "-Onone";
			};
			name = Debug;
		};
		FD70DE2B2447E38E002636B3 /* Release */ = {
			isa = XCBuildConfiguration;
			buildSettings = {
				ALWAYS_SEARCH_USER_PATHS = NO;
				CLANG_ANALYZER_NONNULL = YES;
				CLANG_ANALYZER_NUMBER_OBJECT_CONVERSION = YES_AGGRESSIVE;
				CLANG_CXX_LANGUAGE_STANDARD = "gnu++14";
				CLANG_CXX_LIBRARY = "libc++";
				CLANG_ENABLE_MODULES = YES;
				CLANG_ENABLE_OBJC_ARC = YES;
				CLANG_ENABLE_OBJC_WEAK = YES;
				CLANG_WARN_BLOCK_CAPTURE_AUTORELEASING = YES;
				CLANG_WARN_BOOL_CONVERSION = YES;
				CLANG_WARN_COMMA = YES;
				CLANG_WARN_CONSTANT_CONVERSION = YES;
				CLANG_WARN_DEPRECATED_OBJC_IMPLEMENTATIONS = YES;
				CLANG_WARN_DIRECT_OBJC_ISA_USAGE = YES_ERROR;
				CLANG_WARN_DOCUMENTATION_COMMENTS = YES;
				CLANG_WARN_EMPTY_BODY = YES;
				CLANG_WARN_ENUM_CONVERSION = YES;
				CLANG_WARN_INFINITE_RECURSION = YES;
				CLANG_WARN_INT_CONVERSION = YES;
				CLANG_WARN_NON_LITERAL_NULL_CONVERSION = YES;
				CLANG_WARN_OBJC_IMPLICIT_RETAIN_SELF = YES;
				CLANG_WARN_OBJC_LITERAL_CONVERSION = YES;
				CLANG_WARN_OBJC_ROOT_CLASS = YES_ERROR;
				CLANG_WARN_RANGE_LOOP_ANALYSIS = YES;
				CLANG_WARN_STRICT_PROTOTYPES = YES;
				CLANG_WARN_SUSPICIOUS_MOVE = YES;
				CLANG_WARN_UNGUARDED_AVAILABILITY = YES_AGGRESSIVE;
				CLANG_WARN_UNREACHABLE_CODE = YES;
				CLANG_WARN__DUPLICATE_METHOD_MATCH = YES;
				COPY_PHASE_STRIP = NO;
				DEBUG_INFORMATION_FORMAT = "dwarf-with-dsym";
				ENABLE_NS_ASSERTIONS = NO;
				ENABLE_STRICT_OBJC_MSGSEND = YES;
				GCC_C_LANGUAGE_STANDARD = gnu11;
				GCC_NO_COMMON_BLOCKS = YES;
				GCC_WARN_64_TO_32_BIT_CONVERSION = YES;
				GCC_WARN_ABOUT_RETURN_TYPE = YES_ERROR;
				GCC_WARN_UNDECLARED_SELECTOR = YES;
				GCC_WARN_UNINITIALIZED_AUTOS = YES_AGGRESSIVE;
				GCC_WARN_UNUSED_FUNCTION = YES;
				GCC_WARN_UNUSED_VARIABLE = YES;
				IPHONEOS_DEPLOYMENT_TARGET = 13.4;
				MTL_ENABLE_DEBUG_INFO = NO;
				MTL_FAST_MATH = YES;
				SDKROOT = iphoneos;
				SWIFT_COMPILATION_MODE = wholemodule;
				SWIFT_OPTIMIZATION_LEVEL = "-O";
				VALIDATE_PRODUCT = YES;
			};
			name = Release;
		};
		FD70DE2D2447E38E002636B3 /* Debug */ = {
			isa = XCBuildConfiguration;
			buildSettings = {
				ASSETCATALOG_COMPILER_APPICON_NAME = AppIcon;
				CODE_SIGN_STYLE = Automatic;
				INFOPLIST_FILE = PackageImportProject/Info.plist;
				LD_RUNPATH_SEARCH_PATHS = (
					"$(inherited)",
					"@executable_path/Frameworks",
				);
				PRODUCT_BUNDLE_IDENTIFIER = rrr.PackageImportProject;
				PRODUCT_NAME = "$(TARGET_NAME)";
				SWIFT_VERSION = 5.0;
				TARGETED_DEVICE_FAMILY = "1,2";
			};
			name = Debug;
		};
		FD70DE2E2447E38E002636B3 /* Release */ = {
			isa = XCBuildConfiguration;
			buildSettings = {
				ASSETCATALOG_COMPILER_APPICON_NAME = AppIcon;
				CODE_SIGN_STYLE = Automatic;
				INFOPLIST_FILE = PackageImportProject/Info.plist;
				LD_RUNPATH_SEARCH_PATHS = (
					"$(inherited)",
					"@executable_path/Frameworks",
				);
				PRODUCT_BUNDLE_IDENTIFIER = rrr.PackageImportProject;
				PRODUCT_NAME = "$(TARGET_NAME)";
				SWIFT_VERSION = 5.0;
				TARGETED_DEVICE_FAMILY = "1,2";
			};
			name = Release;
		};
/* End XCBuildConfiguration section */

/* Begin XCConfigurationList section */
		FD70DE132447E38D002636B3 /* Build configuration list for PBXProject "PackageImportProject" */ = {
			isa = XCConfigurationList;
			buildConfigurations = (
				FD70DE2A2447E38E002636B3 /* Debug */,
				FD70DE2B2447E38E002636B3 /* Release */,
			);
			defaultConfigurationIsVisible = 0;
			defaultConfigurationName = Release;
		};
		FD70DE2C2447E38E002636B3 /* Build configuration list for PBXNativeTarget "PackageImportProject" */ = {
			isa = XCConfigurationList;
			buildConfigurations = (
				FD70DE2D2447E38E002636B3 /* Debug */,
				FD70DE2E2447E38E002636B3 /* Release */,
			);
			defaultConfigurationIsVisible = 0;
			defaultConfigurationName = Release;
		};
/* End XCConfigurationList section */

/* Begin XCRemoteSwiftPackageReference section */
		FD0051752449FDA2009CB5C3 /* XCRemoteSwiftPackageReference "rambahamba" */ = {
			isa = XCRemoteSwiftPackageReference;
			repositoryURL = "https://ratshGit@bitbucket.org/obodev/rambahamba.git";
			requirement = {
				kind = upToNextMajorVersion;
				minimumVersion = 1.1.0;
			};
		};
/* End XCRemoteSwiftPackageReference section */

/* Begin XCSwiftPackageProductDependency section */
		FD0051762449FDA2009CB5C3 /* RambaHamba */ = {
			isa = XCSwiftPackageProductDependency;
			package = FD0051752449FDA2009CB5C3 /* XCRemoteSwiftPackageReference "rambahamba" */;
			productName = RambaHamba;
		};
/* End XCSwiftPackageProductDependency section */
	};
	rootObject = FD70DE102447E38D002636B3 /* Project object */;
}
